
Microsoft Visual Studio Solution File, Format Version 12.00
# Visual Studio Version 17
VisualStudioVersion = 17.14.36121.58 d17.14
MinimumVisualStudioVersion = 10.0.40219.1
Project("{FAE04EC0-301F-11D3-BF4B-00C04F79EFBC}") = "MotoHub", "MotoHub\MotoHub.csproj", "{215F2246-D7B3-4409-81AF-4FD13F4603CD}"
EndProject
Project("{FAE04EC0-301F-11D3-BF4B-00C04F79EFBC}") = "MotoHub.Tests", "MotoHub.Tests\MotoHub.Tests.csproj", "{BE91552B-BE3D-433B-99F0-9520FCD43CD4}"
EndProject
Global
	GlobalSection(SolutionConfigurationPlatforms) = preSolution
		Debug|Any CPU = Debug|Any CPU
		Release|Any CPU = Release|Any CPU
	EndGlobalSection
	GlobalSection(ProjectConfigurationPlatforms) = postSolution
		{215F2246-D7B3-4409-81AF-4FD13F4603CD}.Debug|Any CPU.ActiveCfg = Debug|Any CPU
		{215F2246-D7B3-4409-81AF-4FD13F4603CD}.Debug|Any CPU.Build.0 = Debug|Any CPU
		{215F2246-D7B3-4409-81AF-4FD13F4603CD}.Release|Any CPU.ActiveCfg = Release|Any CPU
		{215F2246-D7B3-4409-81AF-4FD13F4603CD}.Release|Any CPU.Build.0 = Release|Any CPU
		{BE91552B-BE3D-433B-99F0-9520FCD43CD4}.Debug|Any CPU.ActiveCfg = Debug|Any CPU
		{BE91552B-BE3D-433B-99F0-9520FCD43CD4}.Debug|Any CPU.Build.0 = Debug|Any CPU
		{BE91552B-BE3D-433B-99F0-9520FCD43CD4}.Release|Any CPU.ActiveCfg = Release|Any CPU
		{BE91552B-BE3D-433B-99F0-9520FCD43CD4}.Release|Any CPU.Build.0 = Release|Any CPU
	EndGlobalSection
	GlobalSection(SolutionProperties) = preSolution
		HideSolutionNode = FALSE
	EndGlobalSection
	GlobalSection(ExtensibilityGlobals) = postSolution
		SolutionGuid = {269E9502-C23A-427F-BFA0-2DB0DD5E208A}
	EndGlobalSection
EndGlobal
